
Microsoft Visual Studio Solution File, Format Version 12.00
# Visual Studio Version 17
VisualStudioVersion = 17.2.32526.322
MinimumVisualStudioVersion = 10.0.40219.1
Project("{D2ABAB84-BF74-430A-B69E-9DC6D40DDA17}") = "Cubo_Multidimensional_Niky", "Cubo_Multidimensional_Niky.dwproj", "{D630BEA6-C566-4F0B-917F-66AE119EB6CA}"
EndProject
Global
	GlobalSection(SolutionConfigurationPlatforms) = preSolution
		Development|Default = Development|Default
	EndGlobalSection
	GlobalSection(ProjectConfigurationPlatforms) = postSolution
		{D630BEA6-C566-4F0B-917F-66AE119EB6CA}.Development|Default.ActiveCfg = Development
		{D630BEA6-C566-4F0B-917F-66AE119EB6CA}.Development|Default.Build.0 = Development
		{D630BEA6-C566-4F0B-917F-66AE119EB6CA}.Development|Default.Deploy.0 = Development
	EndGlobalSection
	GlobalSection(SolutionProperties) = preSolution
		HideSolutionNode = FALSE
	EndGlobalSection
	GlobalSection(ExtensibilityGlobals) = postSolution
		SolutionGuid = {82D07084-9460-4C56-8992-170A13EC32F3}
	EndGlobalSection
EndGlobal
