
Microsoft Visual Studio Solution File, Format Version 12.00
# Visual Studio Version 17
VisualStudioVersion = 17.2.32526.322
MinimumVisualStudioVersion = 10.0.40219.1
Project("{D2ABAB84-BF74-430A-B69E-9DC6D40DDA17}") = "ProyectoMultidimensional1", "ProyectoMultidimensional1.dwproj", "{C7A9AFBD-1B2D-4598-A657-444C1F278C35}"
EndProject
Global
	GlobalSection(SolutionConfigurationPlatforms) = preSolution
		Development|Default = Development|Default
	EndGlobalSection
	GlobalSection(ProjectConfigurationPlatforms) = postSolution
		{C7A9AFBD-1B2D-4598-A657-444C1F278C35}.Development|Default.ActiveCfg = Development
		{C7A9AFBD-1B2D-4598-A657-444C1F278C35}.Development|Default.Build.0 = Development
		{C7A9AFBD-1B2D-4598-A657-444C1F278C35}.Development|Default.Deploy.0 = Development
	EndGlobalSection
	GlobalSection(SolutionProperties) = preSolution
		HideSolutionNode = FALSE
	EndGlobalSection
	GlobalSection(ExtensibilityGlobals) = postSolution
		SolutionGuid = {346126C4-B77E-41C0-BAA7-CC789CAB4DC5}
	EndGlobalSection
EndGlobal
